
Microsoft Visual Studio Solution File, Format Version 12.00
# Visual Studio Version 16
VisualStudioVersion = 16.0.32126.315
MinimumVisualStudioVersion = 10.0.40219.1
Project("{FAE04EC0-301F-11D3-BF4B-00C04F79EFBC}") = "MusicaCliente", "MusicaCliente\MusicaCliente.csproj", "{309AA167-D52D-473F-A2D5-F732DD47D49D}"
EndProject
Global
	GlobalSection(SolutionConfigurationPlatforms) = preSolution
		Debug|Any CPU = Debug|Any CPU
		Release|Any CPU = Release|Any CPU
	EndGlobalSection
	GlobalSection(ProjectConfigurationPlatforms) = postSolution
		{309AA167-D52D-473F-A2D5-F732DD47D49D}.Debug|Any CPU.ActiveCfg = Debug|Any CPU
		{309AA167-D52D-473F-A2D5-F732DD47D49D}.Debug|Any CPU.Build.0 = Debug|Any CPU
		{309AA167-D52D-473F-A2D5-F732DD47D49D}.Release|Any CPU.ActiveCfg = Release|Any CPU
		{309AA167-D52D-473F-A2D5-F732DD47D49D}.Release|Any CPU.Build.0 = Release|Any CPU
	EndGlobalSection
	GlobalSection(SolutionProperties) = preSolution
		HideSolutionNode = FALSE
	EndGlobalSection
	GlobalSection(ExtensibilityGlobals) = postSolution
		SolutionGuid = {005CF348-705F-48BF-A846-56884F96AAE1}
	EndGlobalSection
EndGlobal
